
Microsoft Visual Studio Solution File, Format Version 12.00
# Visual Studio Version 16
VisualStudioVersion = 16.0.32002.261
MinimumVisualStudioVersion = 10.0.40219.1
Project("{FAE04EC0-301F-11D3-BF4B-00C04F79EFBC}") = "SoTiemChungDienTu.WebAPI", "SoTiemChungDienTu.WebAPI\SoTiemChungDienTu.WebAPI.csproj", "{8AA5D127-DA7E-4409-A428-AAFF4873A7C4}"
EndProject
Project("{FAE04EC0-301F-11D3-BF4B-00C04F79EFBC}") = "SoTiemChungDienTu.Common", "SoTiemChungDienTu.Common\SoTiemChungDienTu.Common.csproj", "{311DA0A5-1CEF-46DB-B5D5-3FA6A1A16143}"
EndProject
Project("{FAE04EC0-301F-11D3-BF4B-00C04F79EFBC}") = "SoTiemChungDienTu.Core", "SoTiemChungDienTu.Core\SoTiemChungDienTu.Core.csproj", "{AF0368CE-466F-42FD-91A2-9CDC88D16992}"
EndProject
Project("{FAE04EC0-301F-11D3-BF4B-00C04F79EFBC}") = "SoTiemChungDienTu.Infrastructure", "SoTiemChungDienTu.Infrastructure\SoTiemChungDienTu.Infrastructure.csproj", "{96B506D9-AB1F-4EC8-9168-F6A331F1E2F3}"
EndProject
Global
	GlobalSection(SolutionConfigurationPlatforms) = preSolution
		Debug|Any CPU = Debug|Any CPU
		Release|Any CPU = Release|Any CPU
	EndGlobalSection
	GlobalSection(ProjectConfigurationPlatforms) = postSolution
		{8AA5D127-DA7E-4409-A428-AAFF4873A7C4}.Debug|Any CPU.ActiveCfg = Debug|Any CPU
		{8AA5D127-DA7E-4409-A428-AAFF4873A7C4}.Debug|Any CPU.Build.0 = Debug|Any CPU
		{8AA5D127-DA7E-4409-A428-AAFF4873A7C4}.Release|Any CPU.ActiveCfg = Release|Any CPU
		{8AA5D127-DA7E-4409-A428-AAFF4873A7C4}.Release|Any CPU.Build.0 = Release|Any CPU
		{311DA0A5-1CEF-46DB-B5D5-3FA6A1A16143}.Debug|Any CPU.ActiveCfg = Debug|Any CPU
		{311DA0A5-1CEF-46DB-B5D5-3FA6A1A16143}.Debug|Any CPU.Build.0 = Debug|Any CPU
		{311DA0A5-1CEF-46DB-B5D5-3FA6A1A16143}.Release|Any CPU.ActiveCfg = Release|Any CPU
		{311DA0A5-1CEF-46DB-B5D5-3FA6A1A16143}.Release|Any CPU.Build.0 = Release|Any CPU
		{AF0368CE-466F-42FD-91A2-9CDC88D16992}.Debug|Any CPU.ActiveCfg = Debug|Any CPU
		{AF0368CE-466F-42FD-91A2-9CDC88D16992}.Debug|Any CPU.Build.0 = Debug|Any CPU
		{AF0368CE-466F-42FD-91A2-9CDC88D16992}.Release|Any CPU.ActiveCfg = Release|Any CPU
		{AF0368CE-466F-42FD-91A2-9CDC88D16992}.Release|Any CPU.Build.0 = Release|Any CPU
		{96B506D9-AB1F-4EC8-9168-F6A331F1E2F3}.Debug|Any CPU.ActiveCfg = Debug|Any CPU
		{96B506D9-AB1F-4EC8-9168-F6A331F1E2F3}.Debug|Any CPU.Build.0 = Debug|Any CPU
		{96B506D9-AB1F-4EC8-9168-F6A331F1E2F3}.Release|Any CPU.ActiveCfg = Release|Any CPU
		{96B506D9-AB1F-4EC8-9168-F6A331F1E2F3}.Release|Any CPU.Build.0 = Release|Any CPU
	EndGlobalSection
	GlobalSection(SolutionProperties) = preSolution
		HideSolutionNode = FALSE
	EndGlobalSection
	GlobalSection(ExtensibilityGlobals) = postSolution
		SolutionGuid = {944E2FC5-81F9-45A2-B39C-A9BBF44EC21A}
	EndGlobalSection
EndGlobal
